
Microsoft Visual Studio Solution File, Format Version 12.00
# Visual Studio Version 17
VisualStudioVersion = 17.13.35818.85 d17.13
MinimumVisualStudioVersion = 10.0.40219.1
Project("{FAE04EC0-301F-11D3-BF4B-00C04F79EFBC}") = "ComercialTDSDesk", "ComercialTDSDesk\ComercialTDSDesk.csproj", "{DC6A5811-5347-4261-A9E1-65BB0EE6D03C}"
EndProject
Project("{FAE04EC0-301F-11D3-BF4B-00C04F79EFBC}") = "ComercialTDSClass", "ComercialTDSClass\ComercialTDSClass.csproj", "{70C0D2B4-E8A4-4091-8033-2D7F29B415BC}"
EndProject
Global
	GlobalSection(SolutionConfigurationPlatforms) = preSolution
		Debug|Any CPU = Debug|Any CPU
		Release|Any CPU = Release|Any CPU
	EndGlobalSection
	GlobalSection(ProjectConfigurationPlatforms) = postSolution
		{DC6A5811-5347-4261-A9E1-65BB0EE6D03C}.Debug|Any CPU.ActiveCfg = Debug|Any CPU
		{DC6A5811-5347-4261-A9E1-65BB0EE6D03C}.Debug|Any CPU.Build.0 = Debug|Any CPU
		{DC6A5811-5347-4261-A9E1-65BB0EE6D03C}.Release|Any CPU.ActiveCfg = Release|Any CPU
		{DC6A5811-5347-4261-A9E1-65BB0EE6D03C}.Release|Any CPU.Build.0 = Release|Any CPU
		{70C0D2B4-E8A4-4091-8033-2D7F29B415BC}.Debug|Any CPU.ActiveCfg = Debug|Any CPU
		{70C0D2B4-E8A4-4091-8033-2D7F29B415BC}.Debug|Any CPU.Build.0 = Debug|Any CPU
		{70C0D2B4-E8A4-4091-8033-2D7F29B415BC}.Release|Any CPU.ActiveCfg = Release|Any CPU
		{70C0D2B4-E8A4-4091-8033-2D7F29B415BC}.Release|Any CPU.Build.0 = Release|Any CPU
	EndGlobalSection
	GlobalSection(SolutionProperties) = preSolution
		HideSolutionNode = FALSE
	EndGlobalSection
	GlobalSection(ExtensibilityGlobals) = postSolution
		SolutionGuid = {F5188370-78A2-4930-8C26-49AC64AFEFF0}
	EndGlobalSection
EndGlobal
